# THIS IS AN AUTOGENERATED FILE. DO NOT EDIT THIS FILE DIRECTLY.
# yarn lockfile v1


"@types/aws-lambda@^8.10.92":
  version "8.10.93"
  resolved "https://registry.yarnpkg.com/@types/aws-lambda/-/aws-lambda-8.10.93.tgz#3e2c80894122477040aabf29b7320556f5702a76"
  integrity sha512-Vsyi9ogDAY3REZDjYnXMRJJa62SDvxHXxJI5nGDQdZW058dDE+av/anynN2rLKbCKXDRNw3D/sQmqxVflZFi4A==
